
Microsoft Visual Studio Solution File, Format Version 12.00
# Visual Studio Version 17
VisualStudioVersion = 17.5.33502.453
MinimumVisualStudioVersion = 10.0.40219.1
Project("{FAE04EC0-301F-11D3-BF4B-00C04F79EFBC}") = "OnlineShop.Model", "OnlineShop.Model\OnlineShop.Model.csproj", "{6CFBA7E5-3542-40D9-847B-D3FCDEAE238E}"
EndProject
Project("{FAE04EC0-301F-11D3-BF4B-00C04F79EFBC}") = "OnlineShop.Web", "OnlineShop.Web\OnlineShop.Web.csproj", "{FA702C2C-13AC-4F99-AE43-D5B1F013A7D7}"
EndProject
Global
	GlobalSection(SolutionConfigurationPlatforms) = preSolution
		Debug|Any CPU = Debug|Any CPU
		Release|Any CPU = Release|Any CPU
	EndGlobalSection
	GlobalSection(ProjectConfigurationPlatforms) = postSolution
		{6CFBA7E5-3542-40D9-847B-D3FCDEAE238E}.Debug|Any CPU.ActiveCfg = Debug|Any CPU
		{6CFBA7E5-3542-40D9-847B-D3FCDEAE238E}.Debug|Any CPU.Build.0 = Debug|Any CPU
		{6CFBA7E5-3542-40D9-847B-D3FCDEAE238E}.Release|Any CPU.ActiveCfg = Release|Any CPU
		{6CFBA7E5-3542-40D9-847B-D3FCDEAE238E}.Release|Any CPU.Build.0 = Release|Any CPU
		{FA702C2C-13AC-4F99-AE43-D5B1F013A7D7}.Debug|Any CPU.ActiveCfg = Debug|Any CPU
		{FA702C2C-13AC-4F99-AE43-D5B1F013A7D7}.Debug|Any CPU.Build.0 = Debug|Any CPU
		{FA702C2C-13AC-4F99-AE43-D5B1F013A7D7}.Release|Any CPU.ActiveCfg = Release|Any CPU
		{FA702C2C-13AC-4F99-AE43-D5B1F013A7D7}.Release|Any CPU.Build.0 = Release|Any CPU
	EndGlobalSection
	GlobalSection(SolutionProperties) = preSolution
		HideSolutionNode = FALSE
	EndGlobalSection
	GlobalSection(ExtensibilityGlobals) = postSolution
		SolutionGuid = {053E9AB5-D25E-44D0-BD98-E056C3294863}
	EndGlobalSection
EndGlobal
