
Microsoft Visual Studio Solution File, Format Version 12.00
# Visual Studio Version 16
VisualStudioVersion = 16.0.33423.256
MinimumVisualStudioVersion = 10.0.40219.1
Project("{FAE04EC0-301F-11D3-BF4B-00C04F79EFBC}") = "WebApiWithADO.Model", "WebApiWithADO.Model\WebApiWithADO.Model.csproj", "{3F1AF252-E69A-4446-9C55-A39CCCBD8684}"
EndProject
Project("{FAE04EC0-301F-11D3-BF4B-00C04F79EFBC}") = "WebApiWithADO.Web", "WebApiWithADO.Web\WebApiWithADO.Web.csproj", "{B4DF439D-6164-41D8-BBDF-24D0C747E92A}"
EndProject
Global
	GlobalSection(SolutionConfigurationPlatforms) = preSolution
		Debug|Any CPU = Debug|Any CPU
		Release|Any CPU = Release|Any CPU
	EndGlobalSection
	GlobalSection(ProjectConfigurationPlatforms) = postSolution
		{3F1AF252-E69A-4446-9C55-A39CCCBD8684}.Debug|Any CPU.ActiveCfg = Debug|Any CPU
		{3F1AF252-E69A-4446-9C55-A39CCCBD8684}.Debug|Any CPU.Build.0 = Debug|Any CPU
		{3F1AF252-E69A-4446-9C55-A39CCCBD8684}.Release|Any CPU.ActiveCfg = Release|Any CPU
		{3F1AF252-E69A-4446-9C55-A39CCCBD8684}.Release|Any CPU.Build.0 = Release|Any CPU
		{B4DF439D-6164-41D8-BBDF-24D0C747E92A}.Debug|Any CPU.ActiveCfg = Debug|Any CPU
		{B4DF439D-6164-41D8-BBDF-24D0C747E92A}.Debug|Any CPU.Build.0 = Debug|Any CPU
		{B4DF439D-6164-41D8-BBDF-24D0C747E92A}.Release|Any CPU.ActiveCfg = Release|Any CPU
		{B4DF439D-6164-41D8-BBDF-24D0C747E92A}.Release|Any CPU.Build.0 = Release|Any CPU
	EndGlobalSection
	GlobalSection(SolutionProperties) = preSolution
		HideSolutionNode = FALSE
	EndGlobalSection
	GlobalSection(ExtensibilityGlobals) = postSolution
		SolutionGuid = {00C56293-44F8-4424-AD2E-1538506A65BD}
	EndGlobalSection
EndGlobal
